Microsoft Visual Studio Solution File, Format Version 11.00
# Visual Studio 2008

Project("{DDAA210E-B741-66A6-AA01-D3F0CC91B6AF}") = "hShooting", "Assembly-CSharp.csproj", "{37C67762-9DCD-5C1D-D8D8-EFAAA5A6D427}"
EndProject
Global
	GlobalSection(SolutionConfigurationPlatforms) = preSolution
		Debug|Any CPU = Debug|Any CPU
		Release|Any CPU = Release|Any CPU
	EndGlobalSection
	GlobalSection(ProjectConfigurationPlatforms) = postSolution
		{37C67762-9DCD-5C1D-D8D8-EFAAA5A6D427}.Debug|Any CPU.ActiveCfg = Debug|Any CPU
		{37C67762-9DCD-5C1D-D8D8-EFAAA5A6D427}.Debug|Any CPU.Build.0 = Debug|Any CPU
		{37C67762-9DCD-5C1D-D8D8-EFAAA5A6D427}.Release|Any CPU.ActiveCfg = Release|Any CPU
		{37C67762-9DCD-5C1D-D8D8-EFAAA5A6D427}.Release|Any CPU.Build.0 = Release|Any CPU
	EndGlobalSection
	GlobalSection(SolutionProperties) = preSolution
		HideSolutionNode = FALSE
	EndGlobalSection
	GlobalSection(MonoDevelopProperties) = preSolution
		StartupItem = Assembly-CSharp.csproj
	EndGlobalSection
EndGlobal
